
Microsoft Visual Studio Solution File, Format Version 12.00
# Visual Studio Version 16
VisualStudioVersion = 16.0.31729.503
MinimumVisualStudioVersion = 10.0.40219.1
Project("{FAE04EC0-301F-11D3-BF4B-00C04F79EFBC}") = "TICTACTOE", "TICTACTOE\TICTACTOE.csproj", "{45C7A6DA-CA6F-434F-AB66-DA4E330F5540}"
EndProject
Global
	GlobalSection(SolutionConfigurationPlatforms) = preSolution
		Debug|Any CPU = Debug|Any CPU
		Release|Any CPU = Release|Any CPU
	EndGlobalSection
	GlobalSection(ProjectConfigurationPlatforms) = postSolution
		{45C7A6DA-CA6F-434F-AB66-DA4E330F5540}.Debug|Any CPU.ActiveCfg = Debug|Any CPU
		{45C7A6DA-CA6F-434F-AB66-DA4E330F5540}.Debug|Any CPU.Build.0 = Debug|Any CPU
		{45C7A6DA-CA6F-434F-AB66-DA4E330F5540}.Release|Any CPU.ActiveCfg = Release|Any CPU
		{45C7A6DA-CA6F-434F-AB66-DA4E330F5540}.Release|Any CPU.Build.0 = Release|Any CPU
	EndGlobalSection
	GlobalSection(SolutionProperties) = preSolution
		HideSolutionNode = FALSE
	EndGlobalSection
	GlobalSection(ExtensibilityGlobals) = postSolution
		SolutionGuid = {95F90DE3-C779-4693-A642-6E9618BC78B7}
	EndGlobalSection
EndGlobal
